
Microsoft Visual Studio Solution File, Format Version 12.00
# Visual Studio Version 17
VisualStudioVersion = 17.4.33110.190
MinimumVisualStudioVersion = 10.0.40219.1
Project("{FAE04EC0-301F-11D3-BF4B-00C04F79EFBC}") = "Inventory", "Inventory\Inventory.csproj", "{B54C3C0F-AC91-4C0A-A5D4-F11FD4281673}"
EndProject
Global
	GlobalSection(SolutionConfigurationPlatforms) = preSolution
		Debug|Any CPU = Debug|Any CPU
		Release|Any CPU = Release|Any CPU
	EndGlobalSection
	GlobalSection(ProjectConfigurationPlatforms) = postSolution
		{B54C3C0F-AC91-4C0A-A5D4-F11FD4281673}.Debug|Any CPU.ActiveCfg = Debug|Any CPU
		{B54C3C0F-AC91-4C0A-A5D4-F11FD4281673}.Debug|Any CPU.Build.0 = Debug|Any CPU
		{B54C3C0F-AC91-4C0A-A5D4-F11FD4281673}.Release|Any CPU.ActiveCfg = Release|Any CPU
		{B54C3C0F-AC91-4C0A-A5D4-F11FD4281673}.Release|Any CPU.Build.0 = Release|Any CPU
	EndGlobalSection
	GlobalSection(SolutionProperties) = preSolution
		HideSolutionNode = FALSE
	EndGlobalSection
	GlobalSection(ExtensibilityGlobals) = postSolution
		SolutionGuid = {C0B12155-153F-40EA-B39A-3C9141BA370A}
	EndGlobalSection
EndGlobal
